<Solution>
  <Folder Name="/src/" />
  <Folder Name="/src/API/">
    <Project Path="src/API/ERP.API.csproj" />
  </Folder>
  <Folder Name="/src/Application/">
    <Project Path="src/Application/ERP.Application.csproj" />
  </Folder>
  <Folder Name="/src/Domain/">
    <Project Path="src/Domain/ERP.Domain.csproj" />
  </Folder>
  <Folder Name="/src/Infrastructure/">
    <Project Path="src/Infrastructure/ERP.Infrastructure.csproj" />
  </Folder>
</Solution>
